
Microsoft Visual Studio Solution File, Format Version 12.00
# Visual Studio 15
VisualStudioVersion = 15.0.28016.0
MinimumVisualStudioVersion = 10.0.40219.1
Project("{FAE04EC0-301F-11D3-BF4B-00C04F79EFBC}") = "CompanyMVC", "CompanyMVC\CompanyMVC.csproj", "{8E01E039-90B9-4E99-863D-0508A91E75E9}"
EndProject
Global
	GlobalSection(SolutionConfigurationPlatforms) = preSolution
		Debug|Any CPU = Debug|Any CPU
		Release|Any CPU = Release|Any CPU
	EndGlobalSection
	GlobalSection(ProjectConfigurationPlatforms) = postSolution
		{8E01E039-90B9-4E99-863D-0508A91E75E9}.Debug|Any CPU.ActiveCfg = Debug|Any CPU
		{8E01E039-90B9-4E99-863D-0508A91E75E9}.Debug|Any CPU.Build.0 = Debug|Any CPU
		{8E01E039-90B9-4E99-863D-0508A91E75E9}.Release|Any CPU.ActiveCfg = Release|Any CPU
		{8E01E039-90B9-4E99-863D-0508A91E75E9}.Release|Any CPU.Build.0 = Release|Any CPU
	EndGlobalSection
	GlobalSection(SolutionProperties) = preSolution
		HideSolutionNode = FALSE
	EndGlobalSection
	GlobalSection(ExtensibilityGlobals) = postSolution
		SolutionGuid = {0D96A679-CE8B-47BD-B6B1-14DECBCF5D41}
	EndGlobalSection
EndGlobal
